
Microsoft Visual Studio Solution File, Format Version 12.00
# Visual Studio Version 16
VisualStudioVersion = 16.0.32407.337
MinimumVisualStudioVersion = 10.0.40219.1
Project("{FAE04EC0-301F-11D3-BF4B-00C04F79EFBC}") = "Web-Client", "Web-Client.csproj", "{CBB2653D-07F0-409B-88BA-A29FBDD5C432}"
EndProject
Project("{FAE04EC0-301F-11D3-BF4B-00C04F79EFBC}") = "Web-Tests", "..\Web-Tests\Web-Tests.csproj", "{3FD5DB54-DC2A-4971-AAD3-1A4A1D7571CA}"
EndProject
Global
	GlobalSection(SolutionConfigurationPlatforms) = preSolution
		Debug|Any CPU = Debug|Any CPU
		Release|Any CPU = Release|Any CPU
	EndGlobalSection
	GlobalSection(ProjectConfigurationPlatforms) = postSolution
		{CBB2653D-07F0-409B-88BA-A29FBDD5C432}.Debug|Any CPU.ActiveCfg = Debug|Any CPU
		{CBB2653D-07F0-409B-88BA-A29FBDD5C432}.Debug|Any CPU.Build.0 = Debug|Any CPU
		{CBB2653D-07F0-409B-88BA-A29FBDD5C432}.Release|Any CPU.ActiveCfg = Release|Any CPU
		{CBB2653D-07F0-409B-88BA-A29FBDD5C432}.Release|Any CPU.Build.0 = Release|Any CPU
		{3FD5DB54-DC2A-4971-AAD3-1A4A1D7571CA}.Debug|Any CPU.ActiveCfg = Debug|Any CPU
		{3FD5DB54-DC2A-4971-AAD3-1A4A1D7571CA}.Debug|Any CPU.Build.0 = Debug|Any CPU
		{3FD5DB54-DC2A-4971-AAD3-1A4A1D7571CA}.Release|Any CPU.ActiveCfg = Release|Any CPU
		{3FD5DB54-DC2A-4971-AAD3-1A4A1D7571CA}.Release|Any CPU.Build.0 = Release|Any CPU
	EndGlobalSection
	GlobalSection(SolutionProperties) = preSolution
		HideSolutionNode = FALSE
	EndGlobalSection
	GlobalSection(ExtensibilityGlobals) = postSolution
		SolutionGuid = {FDF4BCDD-FCAA-4AC8-8EA8-A79A5CA89329}
	EndGlobalSection
EndGlobal
